
Microsoft Visual Studio Solution File, Format Version 12.00
# Visual Studio Version 17
VisualStudioVersion = 17.5.002.0
MinimumVisualStudioVersion = 10.0.40219.1
Project("{2150E333-8FDC-42A3-9474-1A3956D46DE8}") = "sandbox", "sandbox", "{E1BB4CD5-1880-487D-AC5C-C931098698A1}"
EndProject
Project("{9A19103F-16F7-4668-BE54-9A1E7A4F7556}") = "sandbox_project", "sandbox\sandbox_project\sandbox_project.csproj", "{A2850B7F-2071-4990-96E2-8F50ABC6610C}"
EndProject
Project("{2150E333-8FDC-42A3-9474-1A3956D46DE8}") = "week01", "week01", "{A98CD795-6A35-444D-BCDF-ACEC055CE318}"
EndProject
Project("{9A19103F-16F7-4668-BE54-9A1E7A4F7556}") = "analyze", "week01\analyze\analyze.csproj", "{898AA9B3-89B8-4CB6-BFE1-10318FBE60EA}"
EndProject
Project("{9A19103F-16F7-4668-BE54-9A1E7A4F7556}") = "code", "week01\code\code.csproj", "{750D2808-7DAD-411D-AAE1-09F37E96D16B}"
EndProject
Project("{9A19103F-16F7-4668-BE54-9A1E7A4F7556}") = "teach", "week01\teach\teach.csproj", "{BA7F80F8-20A2-4B65-B0D9-6B57BC7756A1}"
EndProject
Project("{2150E333-8FDC-42A3-9474-1A3956D46DE8}") = "week02", "week02", "{6A637587-16EC-4AB7-84CF-0AE0A0C1A33E}"
EndProject
Project("{9A19103F-16F7-4668-BE54-9A1E7A4F7556}") = "analyze", "week02\analyze\analyze.csproj", "{6135D081-2AE0-4E9D-AB84-6F7882C53BEE}"
EndProject
Project("{9A19103F-16F7-4668-BE54-9A1E7A4F7556}") = "code", "week02\code\code.csproj", "{A13B6710-1471-4428-A199-27EF63BA7FB5}"
EndProject
Project("{9A19103F-16F7-4668-BE54-9A1E7A4F7556}") = "learn", "week02\learn\learn.csproj", "{3A58308C-B8A8-4C8C-8C80-CFDD2AF192C5}"
EndProject
Project("{9A19103F-16F7-4668-BE54-9A1E7A4F7556}") = "teach", "week02\teach\teach.csproj", "{D611A33D-7B45-4427-87D9-D27FE08EB963}"
EndProject
Project("{2150E333-8FDC-42A3-9474-1A3956D46DE8}") = "week03", "week03", "{44A0E6A3-9D32-413B-B991-0F834207EBE6}"
EndProject
Project("{9A19103F-16F7-4668-BE54-9A1E7A4F7556}") = "code", "week03\code\code.csproj", "{61D94063-9BC5-4259-BFA8-A74F251B4218}"
EndProject
Project("{9A19103F-16F7-4668-BE54-9A1E7A4F7556}") = "learn", "week03\learn\learn.csproj", "{798E825A-6892-40C8-BA28-59B10F2F9775}"
EndProject
Project("{9A19103F-16F7-4668-BE54-9A1E7A4F7556}") = "teach", "week03\teach\teach.csproj", "{FC0C200C-EEEA-496C-ACA8-DF3EE66C9357}"
EndProject
Project("{2150E333-8FDC-42A3-9474-1A3956D46DE8}") = "week04", "week04", "{08908829-A9C7-4DD0-A4DE-7F0320A60D63}"
EndProject
Project("{9A19103F-16F7-4668-BE54-9A1E7A4F7556}") = "code", "week04\code\code.csproj", "{B65FBA87-4091-49DB-BB89-8AA86970683B}"
EndProject
Project("{2150E333-8FDC-42A3-9474-1A3956D46DE8}") = "week05", "week05", "{32E0BADD-09F6-4E1D-B4E8-45C74BD300D6}"
EndProject
Project("{9A19103F-16F7-4668-BE54-9A1E7A4F7556}") = "code", "week05\code\code.csproj", "{00F37415-2ECE-462A-820D-F0F43794BB6B}"
EndProject
Project("{2150E333-8FDC-42A3-9474-1A3956D46DE8}") = "week06", "week06", "{D4A26DB6-50AF-4B21-AC0F-E38E61BAA0B2}"
EndProject
Project("{9A19103F-16F7-4668-BE54-9A1E7A4F7556}") = "code", "week06\code\code.csproj", "{9E3A3163-3B00-4592-8E91-34E630A16F69}"
EndProject
Global
	GlobalSection(SolutionConfigurationPlatforms) = preSolution
		Debug|Any CPU = Debug|Any CPU
		Release|Any CPU = Release|Any CPU
	EndGlobalSection
	GlobalSection(ProjectConfigurationPlatforms) = postSolution
		{A2850B7F-2071-4990-96E2-8F50ABC6610C}.Debug|Any CPU.ActiveCfg = Debug|Any CPU
		{A2850B7F-2071-4990-96E2-8F50ABC6610C}.Debug|Any CPU.Build.0 = Debug|Any CPU
		{A2850B7F-2071-4990-96E2-8F50ABC6610C}.Release|Any CPU.ActiveCfg = Release|Any CPU
		{A2850B7F-2071-4990-96E2-8F50ABC6610C}.Release|Any CPU.Build.0 = Release|Any CPU
		{898AA9B3-89B8-4CB6-BFE1-10318FBE60EA}.Debug|Any CPU.ActiveCfg = Debug|Any CPU
		{898AA9B3-89B8-4CB6-BFE1-10318FBE60EA}.Debug|Any CPU.Build.0 = Debug|Any CPU
		{898AA9B3-89B8-4CB6-BFE1-10318FBE60EA}.Release|Any CPU.ActiveCfg = Release|Any CPU
		{898AA9B3-89B8-4CB6-BFE1-10318FBE60EA}.Release|Any CPU.Build.0 = Release|Any CPU
		{750D2808-7DAD-411D-AAE1-09F37E96D16B}.Debug|Any CPU.ActiveCfg = Debug|Any CPU
		{750D2808-7DAD-411D-AAE1-09F37E96D16B}.Debug|Any CPU.Build.0 = Debug|Any CPU
		{750D2808-7DAD-411D-AAE1-09F37E96D16B}.Release|Any CPU.ActiveCfg = Release|Any CPU
		{750D2808-7DAD-411D-AAE1-09F37E96D16B}.Release|Any CPU.Build.0 = Release|Any CPU
		{BA7F80F8-20A2-4B65-B0D9-6B57BC7756A1}.Debug|Any CPU.ActiveCfg = Debug|Any CPU
		{BA7F80F8-20A2-4B65-B0D9-6B57BC7756A1}.Debug|Any CPU.Build.0 = Debug|Any CPU
		{BA7F80F8-20A2-4B65-B0D9-6B57BC7756A1}.Release|Any CPU.ActiveCfg = Release|Any CPU
		{BA7F80F8-20A2-4B65-B0D9-6B57BC7756A1}.Release|Any CPU.Build.0 = Release|Any CPU
		{6135D081-2AE0-4E9D-AB84-6F7882C53BEE}.Debug|Any CPU.ActiveCfg = Debug|Any CPU
		{6135D081-2AE0-4E9D-AB84-6F7882C53BEE}.Debug|Any CPU.Build.0 = Debug|Any CPU
		{6135D081-2AE0-4E9D-AB84-6F7882C53BEE}.Release|Any CPU.ActiveCfg = Release|Any CPU
		{6135D081-2AE0-4E9D-AB84-6F7882C53BEE}.Release|Any CPU.Build.0 = Release|Any CPU
		{A13B6710-1471-4428-A199-27EF63BA7FB5}.Debug|Any CPU.ActiveCfg = Debug|Any CPU
		{A13B6710-1471-4428-A199-27EF63BA7FB5}.Debug|Any CPU.Build.0 = Debug|Any CPU
		{A13B6710-1471-4428-A199-27EF63BA7FB5}.Release|Any CPU.ActiveCfg = Release|Any CPU
		{A13B6710-1471-4428-A199-27EF63BA7FB5}.Release|Any CPU.Build.0 = Release|Any CPU
		{3A58308C-B8A8-4C8C-8C80-CFDD2AF192C5}.Debug|Any CPU.ActiveCfg = Debug|Any CPU
		{3A58308C-B8A8-4C8C-8C80-CFDD2AF192C5}.Debug|Any CPU.Build.0 = Debug|Any CPU
		{3A58308C-B8A8-4C8C-8C80-CFDD2AF192C5}.Release|Any CPU.ActiveCfg = Release|Any CPU
		{3A58308C-B8A8-4C8C-8C80-CFDD2AF192C5}.Release|Any CPU.Build.0 = Release|Any CPU
		{D611A33D-7B45-4427-87D9-D27FE08EB963}.Debug|Any CPU.ActiveCfg = Debug|Any CPU
		{D611A33D-7B45-4427-87D9-D27FE08EB963}.Debug|Any CPU.Build.0 = Debug|Any CPU
		{D611A33D-7B45-4427-87D9-D27FE08EB963}.Release|Any CPU.ActiveCfg = Release|Any CPU
		{D611A33D-7B45-4427-87D9-D27FE08EB963}.Release|Any CPU.Build.0 = Release|Any CPU
		{61D94063-9BC5-4259-BFA8-A74F251B4218}.Debug|Any CPU.ActiveCfg = Debug|Any CPU
		{61D94063-9BC5-4259-BFA8-A74F251B4218}.Debug|Any CPU.Build.0 = Debug|Any CPU
		{61D94063-9BC5-4259-BFA8-A74F251B4218}.Release|Any CPU.ActiveCfg = Release|Any CPU
		{61D94063-9BC5-4259-BFA8-A74F251B4218}.Release|Any CPU.Build.0 = Release|Any CPU
		{798E825A-6892-40C8-BA28-59B10F2F9775}.Debug|Any CPU.ActiveCfg = Debug|Any CPU
		{798E825A-6892-40C8-BA28-59B10F2F9775}.Debug|Any CPU.Build.0 = Debug|Any CPU
		{798E825A-6892-40C8-BA28-59B10F2F9775}.Release|Any CPU.ActiveCfg = Release|Any CPU
		{798E825A-6892-40C8-BA28-59B10F2F9775}.Release|Any CPU.Build.0 = Release|Any CPU
		{FC0C200C-EEEA-496C-ACA8-DF3EE66C9357}.Debug|Any CPU.ActiveCfg = Debug|Any CPU
		{FC0C200C-EEEA-496C-ACA8-DF3EE66C9357}.Debug|Any CPU.Build.0 = Debug|Any CPU
		{FC0C200C-EEEA-496C-ACA8-DF3EE66C9357}.Release|Any CPU.ActiveCfg = Release|Any CPU
		{FC0C200C-EEEA-496C-ACA8-DF3EE66C9357}.Release|Any CPU.Build.0 = Release|Any CPU
		{B65FBA87-4091-49DB-BB89-8AA86970683B}.Debug|Any CPU.ActiveCfg = Debug|Any CPU
		{B65FBA87-4091-49DB-BB89-8AA86970683B}.Debug|Any CPU.Build.0 = Debug|Any CPU
		{B65FBA87-4091-49DB-BB89-8AA86970683B}.Release|Any CPU.ActiveCfg = Release|Any CPU
		{B65FBA87-4091-49DB-BB89-8AA86970683B}.Release|Any CPU.Build.0 = Release|Any CPU
		{00F37415-2ECE-462A-820D-F0F43794BB6B}.Debug|Any CPU.ActiveCfg = Debug|Any CPU
		{00F37415-2ECE-462A-820D-F0F43794BB6B}.Debug|Any CPU.Build.0 = Debug|Any CPU
		{00F37415-2ECE-462A-820D-F0F43794BB6B}.Release|Any CPU.ActiveCfg = Release|Any CPU
		{00F37415-2ECE-462A-820D-F0F43794BB6B}.Release|Any CPU.Build.0 = Release|Any CPU
		{9E3A3163-3B00-4592-8E91-34E630A16F69}.Debug|Any CPU.ActiveCfg = Debug|Any CPU
		{9E3A3163-3B00-4592-8E91-34E630A16F69}.Debug|Any CPU.Build.0 = Debug|Any CPU
		{9E3A3163-3B00-4592-8E91-34E630A16F69}.Release|Any CPU.ActiveCfg = Release|Any CPU
		{9E3A3163-3B00-4592-8E91-34E630A16F69}.Release|Any CPU.Build.0 = Release|Any CPU
	EndGlobalSection
	GlobalSection(SolutionProperties) = preSolution
		HideSolutionNode = FALSE
	EndGlobalSection
	GlobalSection(NestedProjects) = preSolution
		{A2850B7F-2071-4990-96E2-8F50ABC6610C} = {E1BB4CD5-1880-487D-AC5C-C931098698A1}
		{898AA9B3-89B8-4CB6-BFE1-10318FBE60EA} = {A98CD795-6A35-444D-BCDF-ACEC055CE318}
		{750D2808-7DAD-411D-AAE1-09F37E96D16B} = {A98CD795-6A35-444D-BCDF-ACEC055CE318}
		{BA7F80F8-20A2-4B65-B0D9-6B57BC7756A1} = {A98CD795-6A35-444D-BCDF-ACEC055CE318}
		{6135D081-2AE0-4E9D-AB84-6F7882C53BEE} = {6A637587-16EC-4AB7-84CF-0AE0A0C1A33E}
		{A13B6710-1471-4428-A199-27EF63BA7FB5} = {6A637587-16EC-4AB7-84CF-0AE0A0C1A33E}
		{3A58308C-B8A8-4C8C-8C80-CFDD2AF192C5} = {6A637587-16EC-4AB7-84CF-0AE0A0C1A33E}
		{D611A33D-7B45-4427-87D9-D27FE08EB963} = {6A637587-16EC-4AB7-84CF-0AE0A0C1A33E}
		{61D94063-9BC5-4259-BFA8-A74F251B4218} = {44A0E6A3-9D32-413B-B991-0F834207EBE6}
		{798E825A-6892-40C8-BA28-59B10F2F9775} = {44A0E6A3-9D32-413B-B991-0F834207EBE6}
		{FC0C200C-EEEA-496C-ACA8-DF3EE66C9357} = {44A0E6A3-9D32-413B-B991-0F834207EBE6}
		{B65FBA87-4091-49DB-BB89-8AA86970683B} = {08908829-A9C7-4DD0-A4DE-7F0320A60D63}
		{00F37415-2ECE-462A-820D-F0F43794BB6B} = {32E0BADD-09F6-4E1D-B4E8-45C74BD300D6}
		{9E3A3163-3B00-4592-8E91-34E630A16F69} = {D4A26DB6-50AF-4B21-AC0F-E38E61BAA0B2}
	EndGlobalSection
	GlobalSection(ExtensibilityGlobals) = postSolution
		SolutionGuid = {73F68F44-9072-42F1-B31B-F571CA68E726}
	EndGlobalSection
EndGlobal
